
Microsoft Visual Studio Solution File, Format Version 12.00
# Visual Studio Version 17
VisualStudioVersion = 17.14.36408.4 d17.14
MinimumVisualStudioVersion = 10.0.40219.1
Project("{FAE04EC0-301F-11D3-BF4B-00C04F79EFBC}") = "MySkiStats", "MySkiStats\MySkiStats.csproj", "{F4C8D313-84F2-47FE-B16B-30D11A94972B}"
EndProject
Global
	GlobalSection(SolutionConfigurationPlatforms) = preSolution
		Debug|Any CPU = Debug|Any CPU
		Release|Any CPU = Release|Any CPU
	EndGlobalSection
	GlobalSection(ProjectConfigurationPlatforms) = postSolution
		{F4C8D313-84F2-47FE-B16B-30D11A94972B}.Debug|Any CPU.ActiveCfg = Debug|Any CPU
		{F4C8D313-84F2-47FE-B16B-30D11A94972B}.Debug|Any CPU.Build.0 = Debug|Any CPU
		{F4C8D313-84F2-47FE-B16B-30D11A94972B}.Release|Any CPU.ActiveCfg = Release|Any CPU
		{F4C8D313-84F2-47FE-B16B-30D11A94972B}.Release|Any CPU.Build.0 = Release|Any CPU
	EndGlobalSection
	GlobalSection(SolutionProperties) = preSolution
		HideSolutionNode = FALSE
	EndGlobalSection
	GlobalSection(ExtensibilityGlobals) = postSolution
		SolutionGuid = {4DA4D497-D1BD-46E9-8867-F1A593DD63CD}
	EndGlobalSection
EndGlobal
